
Microsoft Visual Studio Solution File, Format Version 12.00
# Visual Studio Version 16
VisualStudioVersion = 16.0.30204.135
MinimumVisualStudioVersion = 10.0.40219.1
Project("{FAE04EC0-301F-11D3-BF4B-00C04F79EFBC}") = "Kerítés", "Kerítés\Kerítés.csproj", "{187B8734-C111-434D-AF3D-291CCEB07761}"
EndProject
Global
	GlobalSection(SolutionConfigurationPlatforms) = preSolution
		Debug|Any CPU = Debug|Any CPU
		Release|Any CPU = Release|Any CPU
	EndGlobalSection
	GlobalSection(ProjectConfigurationPlatforms) = postSolution
		{187B8734-C111-434D-AF3D-291CCEB07761}.Debug|Any CPU.ActiveCfg = Debug|Any CPU
		{187B8734-C111-434D-AF3D-291CCEB07761}.Debug|Any CPU.Build.0 = Debug|Any CPU
		{187B8734-C111-434D-AF3D-291CCEB07761}.Release|Any CPU.ActiveCfg = Release|Any CPU
		{187B8734-C111-434D-AF3D-291CCEB07761}.Release|Any CPU.Build.0 = Release|Any CPU
	EndGlobalSection
	GlobalSection(SolutionProperties) = preSolution
		HideSolutionNode = FALSE
	EndGlobalSection
	GlobalSection(ExtensibilityGlobals) = postSolution
		SolutionGuid = {20FB3015-E0CB-45BE-A05B-C9647D8907C2}
	EndGlobalSection
EndGlobal
